
Microsoft Visual Studio Solution File, Format Version 12.00
# Visual Studio Version 17
VisualStudioVersion = 17.0.31903.59
MinimumVisualStudioVersion = 10.0.40219.1
Project("{2150E333-8FDC-42A3-9474-1A3956D46DE8}") = "src", "src", "{827E0CD3-B72D-47B6-A68D-7590B98EB39B}"
EndProject
Project("{FAE04EC0-301F-11D3-BF4B-00C04F79EFBC}") = "TraceIot.Domain.Shared", "src\TraceIot.Domain.Shared\TraceIot.Domain.Shared.csproj", "{E86B925A-B74D-4C1A-9A25-873FAF9375C5}"
EndProject
Project("{FAE04EC0-301F-11D3-BF4B-00C04F79EFBC}") = "TraceIot.Domain", "src\TraceIot.Domain\TraceIot.Domain.csproj", "{762A1C98-2E03-4AB0-A341-827BDB80F5E7}"
EndProject
Project("{FAE04EC0-301F-11D3-BF4B-00C04F79EFBC}") = "TraceIot.Application.Contracts", "src\TraceIot.Application.Contracts\TraceIot.Application.Contracts.csproj", "{BF98F2DC-EF73-4E53-BB76-166379B793DB}"
EndProject
Project("{FAE04EC0-301F-11D3-BF4B-00C04F79EFBC}") = "TraceIot.Application", "src\TraceIot.Application\TraceIot.Application.csproj", "{73E5D1BD-1A4A-42FD-890E-39CE92B32D2C}"
EndProject
Project("{FAE04EC0-301F-11D3-BF4B-00C04F79EFBC}") = "TraceIot.EntityFrameworkCore", "src\TraceIot.EntityFrameworkCore\TraceIot.EntityFrameworkCore.csproj", "{8B2B9511-FEBD-4059-A614-64E0756CCF1E}"
EndProject
Project("{FAE04EC0-301F-11D3-BF4B-00C04F79EFBC}") = "TraceIot.HttpApi", "src\TraceIot.HttpApi\TraceIot.HttpApi.csproj", "{1DCBED8E-B35C-41B0-BF8F-F566E9D0B65C}"
EndProject
Project("{FAE04EC0-301F-11D3-BF4B-00C04F79EFBC}") = "TraceIot.HttpApi.Host", "src\TraceIot.HttpApi.Host\TraceIot.HttpApi.Host.csproj", "{BE402A97-014F-402C-BAD6-6A1C3D9ADEE6}"
EndProject
Project("{FAE04EC0-301F-11D3-BF4B-00C04F79EFBC}") = "TraceIot.MqttWorker", "src\TraceIot.MqttWorker\TraceIot.MqttWorker.csproj", "{76730A8D-271D-4A90-BF35-5AB3A37EE76E}"
EndProject
Global
	GlobalSection(SolutionConfigurationPlatforms) = preSolution
		Debug|Any CPU = Debug|Any CPU
		Debug|x64 = Debug|x64
		Debug|x86 = Debug|x86
		Release|Any CPU = Release|Any CPU
		Release|x64 = Release|x64
		Release|x86 = Release|x86
	EndGlobalSection
	GlobalSection(ProjectConfigurationPlatforms) = postSolution
		{E86B925A-B74D-4C1A-9A25-873FAF9375C5}.Debug|Any CPU.ActiveCfg = Debug|Any CPU
		{E86B925A-B74D-4C1A-9A25-873FAF9375C5}.Debug|Any CPU.Build.0 = Debug|Any CPU
		{E86B925A-B74D-4C1A-9A25-873FAF9375C5}.Debug|x64.ActiveCfg = Debug|Any CPU
		{E86B925A-B74D-4C1A-9A25-873FAF9375C5}.Debug|x64.Build.0 = Debug|Any CPU
		{E86B925A-B74D-4C1A-9A25-873FAF9375C5}.Debug|x86.ActiveCfg = Debug|Any CPU
		{E86B925A-B74D-4C1A-9A25-873FAF9375C5}.Debug|x86.Build.0 = Debug|Any CPU
		{E86B925A-B74D-4C1A-9A25-873FAF9375C5}.Release|Any CPU.ActiveCfg = Release|Any CPU
		{E86B925A-B74D-4C1A-9A25-873FAF9375C5}.Release|Any CPU.Build.0 = Release|Any CPU
		{E86B925A-B74D-4C1A-9A25-873FAF9375C5}.Release|x64.ActiveCfg = Release|Any CPU
		{E86B925A-B74D-4C1A-9A25-873FAF9375C5}.Release|x64.Build.0 = Release|Any CPU
		{E86B925A-B74D-4C1A-9A25-873FAF9375C5}.Release|x86.ActiveCfg = Release|Any CPU
		{E86B925A-B74D-4C1A-9A25-873FAF9375C5}.Release|x86.Build.0 = Release|Any CPU
		{762A1C98-2E03-4AB0-A341-827BDB80F5E7}.Debug|Any CPU.ActiveCfg = Debug|Any CPU
		{762A1C98-2E03-4AB0-A341-827BDB80F5E7}.Debug|Any CPU.Build.0 = Debug|Any CPU
		{762A1C98-2E03-4AB0-A341-827BDB80F5E7}.Debug|x64.ActiveCfg = Debug|Any CPU
		{762A1C98-2E03-4AB0-A341-827BDB80F5E7}.Debug|x64.Build.0 = Debug|Any CPU
		{762A1C98-2E03-4AB0-A341-827BDB80F5E7}.Debug|x86.ActiveCfg = Debug|Any CPU
		{762A1C98-2E03-4AB0-A341-827BDB80F5E7}.Debug|x86.Build.0 = Debug|Any CPU
		{762A1C98-2E03-4AB0-A341-827BDB80F5E7}.Release|Any CPU.ActiveCfg = Release|Any CPU
		{762A1C98-2E03-4AB0-A341-827BDB80F5E7}.Release|Any CPU.Build.0 = Release|Any CPU
		{762A1C98-2E03-4AB0-A341-827BDB80F5E7}.Release|x64.ActiveCfg = Release|Any CPU
		{762A1C98-2E03-4AB0-A341-827BDB80F5E7}.Release|x64.Build.0 = Release|Any CPU
		{762A1C98-2E03-4AB0-A341-827BDB80F5E7}.Release|x86.ActiveCfg = Release|Any CPU
		{762A1C98-2E03-4AB0-A341-827BDB80F5E7}.Release|x86.Build.0 = Release|Any CPU
		{BF98F2DC-EF73-4E53-BB76-166379B793DB}.Debug|Any CPU.ActiveCfg = Debug|Any CPU
		{BF98F2DC-EF73-4E53-BB76-166379B793DB}.Debug|Any CPU.Build.0 = Debug|Any CPU
		{BF98F2DC-EF73-4E53-BB76-166379B793DB}.Debug|x64.ActiveCfg = Debug|Any CPU
		{BF98F2DC-EF73-4E53-BB76-166379B793DB}.Debug|x64.Build.0 = Debug|Any CPU
		{BF98F2DC-EF73-4E53-BB76-166379B793DB}.Debug|x86.ActiveCfg = Debug|Any CPU
		{BF98F2DC-EF73-4E53-BB76-166379B793DB}.Debug|x86.Build.0 = Debug|Any CPU
		{BF98F2DC-EF73-4E53-BB76-166379B793DB}.Release|Any CPU.ActiveCfg = Release|Any CPU
		{BF98F2DC-EF73-4E53-BB76-166379B793DB}.Release|Any CPU.Build.0 = Release|Any CPU
		{BF98F2DC-EF73-4E53-BB76-166379B793DB}.Release|x64.ActiveCfg = Release|Any CPU
		{BF98F2DC-EF73-4E53-BB76-166379B793DB}.Release|x64.Build.0 = Release|Any CPU
		{BF98F2DC-EF73-4E53-BB76-166379B793DB}.Release|x86.ActiveCfg = Release|Any CPU
		{BF98F2DC-EF73-4E53-BB76-166379B793DB}.Release|x86.Build.0 = Release|Any CPU
		{73E5D1BD-1A4A-42FD-890E-39CE92B32D2C}.Debug|Any CPU.ActiveCfg = Debug|Any CPU
		{73E5D1BD-1A4A-42FD-890E-39CE92B32D2C}.Debug|Any CPU.Build.0 = Debug|Any CPU
		{73E5D1BD-1A4A-42FD-890E-39CE92B32D2C}.Debug|x64.ActiveCfg = Debug|Any CPU
		{73E5D1BD-1A4A-42FD-890E-39CE92B32D2C}.Debug|x64.Build.0 = Debug|Any CPU
		{73E5D1BD-1A4A-42FD-890E-39CE92B32D2C}.Debug|x86.ActiveCfg = Debug|Any CPU
		{73E5D1BD-1A4A-42FD-890E-39CE92B32D2C}.Debug|x86.Build.0 = Debug|Any CPU
		{73E5D1BD-1A4A-42FD-890E-39CE92B32D2C}.Release|Any CPU.ActiveCfg = Release|Any CPU
		{73E5D1BD-1A4A-42FD-890E-39CE92B32D2C}.Release|Any CPU.Build.0 = Release|Any CPU
		{73E5D1BD-1A4A-42FD-890E-39CE92B32D2C}.Release|x64.ActiveCfg = Release|Any CPU
		{73E5D1BD-1A4A-42FD-890E-39CE92B32D2C}.Release|x64.Build.0 = Release|Any CPU
		{73E5D1BD-1A4A-42FD-890E-39CE92B32D2C}.Release|x86.ActiveCfg = Release|Any CPU
		{73E5D1BD-1A4A-42FD-890E-39CE92B32D2C}.Release|x86.Build.0 = Release|Any CPU
		{8B2B9511-FEBD-4059-A614-64E0756CCF1E}.Debug|Any CPU.ActiveCfg = Debug|Any CPU
		{8B2B9511-FEBD-4059-A614-64E0756CCF1E}.Debug|Any CPU.Build.0 = Debug|Any CPU
		{8B2B9511-FEBD-4059-A614-64E0756CCF1E}.Debug|x64.ActiveCfg = Debug|Any CPU
		{8B2B9511-FEBD-4059-A614-64E0756CCF1E}.Debug|x64.Build.0 = Debug|Any CPU
		{8B2B9511-FEBD-4059-A614-64E0756CCF1E}.Debug|x86.ActiveCfg = Debug|Any CPU
		{8B2B9511-FEBD-4059-A614-64E0756CCF1E}.Debug|x86.Build.0 = Debug|Any CPU
		{8B2B9511-FEBD-4059-A614-64E0756CCF1E}.Release|Any CPU.ActiveCfg = Release|Any CPU
		{8B2B9511-FEBD-4059-A614-64E0756CCF1E}.Release|Any CPU.Build.0 = Release|Any CPU
		{8B2B9511-FEBD-4059-A614-64E0756CCF1E}.Release|x64.ActiveCfg = Release|Any CPU
		{8B2B9511-FEBD-4059-A614-64E0756CCF1E}.Release|x64.Build.0 = Release|Any CPU
		{8B2B9511-FEBD-4059-A614-64E0756CCF1E}.Release|x86.ActiveCfg = Release|Any CPU
		{8B2B9511-FEBD-4059-A614-64E0756CCF1E}.Release|x86.Build.0 = Release|Any CPU
		{1DCBED8E-B35C-41B0-BF8F-F566E9D0B65C}.Debug|Any CPU.ActiveCfg = Debug|Any CPU
		{1DCBED8E-B35C-41B0-BF8F-F566E9D0B65C}.Debug|Any CPU.Build.0 = Debug|Any CPU
		{1DCBED8E-B35C-41B0-BF8F-F566E9D0B65C}.Debug|x64.ActiveCfg = Debug|Any CPU
		{1DCBED8E-B35C-41B0-BF8F-F566E9D0B65C}.Debug|x64.Build.0 = Debug|Any CPU
		{1DCBED8E-B35C-41B0-BF8F-F566E9D0B65C}.Debug|x86.ActiveCfg = Debug|Any CPU
		{1DCBED8E-B35C-41B0-BF8F-F566E9D0B65C}.Debug|x86.Build.0 = Debug|Any CPU
		{1DCBED8E-B35C-41B0-BF8F-F566E9D0B65C}.Release|Any CPU.ActiveCfg = Release|Any CPU
		{1DCBED8E-B35C-41B0-BF8F-F566E9D0B65C}.Release|Any CPU.Build.0 = Release|Any CPU
		{1DCBED8E-B35C-41B0-BF8F-F566E9D0B65C}.Release|x64.ActiveCfg = Release|Any CPU
		{1DCBED8E-B35C-41B0-BF8F-F566E9D0B65C}.Release|x64.Build.0 = Release|Any CPU
		{1DCBED8E-B35C-41B0-BF8F-F566E9D0B65C}.Release|x86.ActiveCfg = Release|Any CPU
		{1DCBED8E-B35C-41B0-BF8F-F566E9D0B65C}.Release|x86.Build.0 = Release|Any CPU
		{BE402A97-014F-402C-BAD6-6A1C3D9ADEE6}.Debug|Any CPU.ActiveCfg = Debug|Any CPU
		{BE402A97-014F-402C-BAD6-6A1C3D9ADEE6}.Debug|Any CPU.Build.0 = Debug|Any CPU
		{BE402A97-014F-402C-BAD6-6A1C3D9ADEE6}.Debug|x64.ActiveCfg = Debug|Any CPU
		{BE402A97-014F-402C-BAD6-6A1C3D9ADEE6}.Debug|x64.Build.0 = Debug|Any CPU
		{BE402A97-014F-402C-BAD6-6A1C3D9ADEE6}.Debug|x86.ActiveCfg = Debug|Any CPU
		{BE402A97-014F-402C-BAD6-6A1C3D9ADEE6}.Debug|x86.Build.0 = Debug|Any CPU
		{BE402A97-014F-402C-BAD6-6A1C3D9ADEE6}.Release|Any CPU.ActiveCfg = Release|Any CPU
		{BE402A97-014F-402C-BAD6-6A1C3D9ADEE6}.Release|Any CPU.Build.0 = Release|Any CPU
		{BE402A97-014F-402C-BAD6-6A1C3D9ADEE6}.Release|x64.ActiveCfg = Release|Any CPU
		{BE402A97-014F-402C-BAD6-6A1C3D9ADEE6}.Release|x64.Build.0 = Release|Any CPU
		{BE402A97-014F-402C-BAD6-6A1C3D9ADEE6}.Release|x86.ActiveCfg = Release|Any CPU
		{BE402A97-014F-402C-BAD6-6A1C3D9ADEE6}.Release|x86.Build.0 = Release|Any CPU
		{76730A8D-271D-4A90-BF35-5AB3A37EE76E}.Debug|Any CPU.ActiveCfg = Debug|Any CPU
		{76730A8D-271D-4A90-BF35-5AB3A37EE76E}.Debug|Any CPU.Build.0 = Debug|Any CPU
		{76730A8D-271D-4A90-BF35-5AB3A37EE76E}.Debug|x64.ActiveCfg = Debug|Any CPU
		{76730A8D-271D-4A90-BF35-5AB3A37EE76E}.Debug|x64.Build.0 = Debug|Any CPU
		{76730A8D-271D-4A90-BF35-5AB3A37EE76E}.Debug|x86.ActiveCfg = Debug|Any CPU
		{76730A8D-271D-4A90-BF35-5AB3A37EE76E}.Debug|x86.Build.0 = Debug|Any CPU
		{76730A8D-271D-4A90-BF35-5AB3A37EE76E}.Release|Any CPU.ActiveCfg = Release|Any CPU
		{76730A8D-271D-4A90-BF35-5AB3A37EE76E}.Release|Any CPU.Build.0 = Release|Any CPU
		{76730A8D-271D-4A90-BF35-5AB3A37EE76E}.Release|x64.ActiveCfg = Release|Any CPU
		{76730A8D-271D-4A90-BF35-5AB3A37EE76E}.Release|x64.Build.0 = Release|Any CPU
		{76730A8D-271D-4A90-BF35-5AB3A37EE76E}.Release|x86.ActiveCfg = Release|Any CPU
		{76730A8D-271D-4A90-BF35-5AB3A37EE76E}.Release|x86.Build.0 = Release|Any CPU
	EndGlobalSection
	GlobalSection(SolutionProperties) = preSolution
		HideSolutionNode = FALSE
	EndGlobalSection
	GlobalSection(NestedProjects) = preSolution
		{E86B925A-B74D-4C1A-9A25-873FAF9375C5} = {827E0CD3-B72D-47B6-A68D-7590B98EB39B}
		{762A1C98-2E03-4AB0-A341-827BDB80F5E7} = {827E0CD3-B72D-47B6-A68D-7590B98EB39B}
		{BF98F2DC-EF73-4E53-BB76-166379B793DB} = {827E0CD3-B72D-47B6-A68D-7590B98EB39B}
		{73E5D1BD-1A4A-42FD-890E-39CE92B32D2C} = {827E0CD3-B72D-47B6-A68D-7590B98EB39B}
		{8B2B9511-FEBD-4059-A614-64E0756CCF1E} = {827E0CD3-B72D-47B6-A68D-7590B98EB39B}
		{1DCBED8E-B35C-41B0-BF8F-F566E9D0B65C} = {827E0CD3-B72D-47B6-A68D-7590B98EB39B}
		{BE402A97-014F-402C-BAD6-6A1C3D9ADEE6} = {827E0CD3-B72D-47B6-A68D-7590B98EB39B}
		{76730A8D-271D-4A90-BF35-5AB3A37EE76E} = {827E0CD3-B72D-47B6-A68D-7590B98EB39B}
	EndGlobalSection
EndGlobal
